
Microsoft Visual Studio Solution File, Format Version 12.00
# Visual Studio 14
VisualStudioVersion = 14.0.25420.1
MinimumVisualStudioVersion = 10.0.40219.1
Project("{FAE04EC0-301F-11D3-BF4B-00C04F79EFBC}") = "ProjectEuler", "ProjectEuler\ProjectEuler.csproj", "{A3C47DC1-5C49-49B6-95BF-7B62A10D8B9C}"
EndProject
Project("{FAE04EC0-301F-11D3-BF4B-00C04F79EFBC}") = "ProjectEuler.Tests", "ProjectEuler.Tests\ProjectEuler.Tests.csproj", "{D3FF1E53-06D0-45D0-9B7F-F011430F5ED0}"
EndProject
Global
	GlobalSection(SolutionConfigurationPlatforms) = preSolution
		Debug|Any CPU = Debug|Any CPU
		Release|Any CPU = Release|Any CPU
	EndGlobalSection
	GlobalSection(ProjectConfigurationPlatforms) = postSolution
		{A3C47DC1-5C49-49B6-95BF-7B62A10D8B9C}.Debug|Any CPU.ActiveCfg = Debug|Any CPU
		{A3C47DC1-5C49-49B6-95BF-7B62A10D8B9C}.Debug|Any CPU.Build.0 = Debug|Any CPU
		{A3C47DC1-5C49-49B6-95BF-7B62A10D8B9C}.Release|Any CPU.ActiveCfg = Release|Any CPU
		{A3C47DC1-5C49-49B6-95BF-7B62A10D8B9C}.Release|Any CPU.Build.0 = Release|Any CPU
		{D3FF1E53-06D0-45D0-9B7F-F011430F5ED0}.Debug|Any CPU.ActiveCfg = Debug|Any CPU
		{D3FF1E53-06D0-45D0-9B7F-F011430F5ED0}.Debug|Any CPU.Build.0 = Debug|Any CPU
		{D3FF1E53-06D0-45D0-9B7F-F011430F5ED0}.Release|Any CPU.ActiveCfg = Release|Any CPU
		{D3FF1E53-06D0-45D0-9B7F-F011430F5ED0}.Release|Any CPU.Build.0 = Release|Any CPU
	EndGlobalSection
	GlobalSection(SolutionProperties) = preSolution
		HideSolutionNode = FALSE
	EndGlobalSection
EndGlobal
